schema: '2.0'
stages:
  materialize@senegal::::household_roster:
    cmd: cd _ && LSMS_BUILD_BACKEND=make python3 -m lsms_library.cli materialize
      --country "Senegal" --all-waves --table "household_roster" --format 
      "parquet" --out ../var/household_roster.parquet
    deps:
    - path: ../../cli.py
      hash: md5
      md5: 049c779121577873dd8c8b42c242e4a2
      size: 19547
    - path: ../../country.py
      hash: md5
      md5: aa03f6cd67dd916cef19f14ff9461360
      size: 80894
    - path: ../../local_tools.py
      hash: md5
      md5: cc454cfa14a80ebc13adb975c1d76dc6
      size: 46845
      isexec: true
    - path: _
      hash: md5
      md5: 40e1dee92868ad4d121065b51fbf6769.dir
      size: 11001
      nfiles: 10
    outs:
    - path: var/household_roster.parquet
      hash: md5
      md5: f49e96e2d8873040fd084f60b6c95c0e
      size: 322341
  materialize@senegal::::cluster_features:
    cmd: cd _ && LSMS_BUILD_BACKEND=make python3 -m lsms_library.cli materialize
      --country "Senegal" --all-waves --table "cluster_features" --format 
      "parquet" --out ../var/cluster_features.parquet
    deps:
    - path: ../../cli.py
      hash: md5
      md5: 049c779121577873dd8c8b42c242e4a2
      size: 19547
    - path: ../../country.py
      hash: md5
      md5: aa03f6cd67dd916cef19f14ff9461360
      size: 80894
    - path: ../../local_tools.py
      hash: md5
      md5: cc454cfa14a80ebc13adb975c1d76dc6
      size: 46845
      isexec: true
    - path: _
      hash: md5
      md5: 40e1dee92868ad4d121065b51fbf6769.dir
      size: 11001
      nfiles: 10
    outs:
    - path: var/cluster_features.parquet
      hash: md5
      md5: 66b2002332e5e30ea735fa833cbcd258
      size: 6554
