schema: '2.0'
stages:
  materialize@uganda::2019_20::cluster_features:
    cmd: cd _ && LSMS_USE_DVC_CACHE=false python3 -m lsms_library.cli 
      materialize --country "Uganda" --wave "2019-20" --table "cluster_features"
      --format "parquet" --out ../var/cluster_features.parquet
    deps:
    - path: ../../../cli.py
      hash: md5
      md5: 69304b146cc0667cf417008799a06399
      size: 14255
    - path: ../../../country.py
      hash: md5
      md5: 79b74e6c344a2a6ef0822510c3edf18d
      size: 60137
    - path: ../../../local_tools.py
      hash: md5
      md5: 64b7664a0daadf52128d0da52cb11056
      size: 41708
      isexec: true
    - path: _
      hash: md5
      md5: 474771c2a99da20c1549231740a1e424.dir
      size: 996325
      nfiles: 19
    outs:
    - path: var/cluster_features.parquet
      hash: md5
      md5: b98b01376e6675f2cef244fe108e2a51
      size: 122906
