schema: '2.0'
stages:
  materialize@malawi::::household_roster:
    cmd: cd _ && LSMS_USE_DVC_CACHE=false python3 -m lsms_library.cli 
      materialize --country "Malawi" --all-waves --table "household_roster" 
      --format "parquet" --out ../var/household_roster.parquet
    deps:
    - path: ../../cli.py
      hash: md5
      md5: 69304b146cc0667cf417008799a06399
      size: 14255
    - path: ../../country.py
      hash: md5
      md5: 0c7abfc5990b5ba9e9e3207712ce9f97
      size: 53359
    - path: ../../local_tools.py
      hash: md5
      md5: 481bd686db5c040ad0a21664e8dad3f1
      size: 41095
      isexec: true
    - path: _
      hash: md5
      md5: 02072591fd982d02e9407658205874fd.dir
      size: 196896
      nfiles: 12
    outs:
    - path: var/household_roster.parquet
      hash: md5
      md5: 0d277c28f6990db6b81980f6adfebd4d
      size: 985231
  materialize@malawi::::interview_date:
    cmd: cd _ && LSMS_USE_DVC_CACHE=false python3 -m lsms_library.cli 
      materialize --country "Malawi" --all-waves --table "interview_date" 
      --format "parquet" --out ../var/interview_date.parquet
    deps:
    - path: ../../cli.py
      hash: md5
      md5: 69304b146cc0667cf417008799a06399
      size: 14255
    - path: ../../country.py
      hash: md5
      md5: fbf5458692e2a9c0f0a8dd864c9ad7e7
      size: 50811
    - path: ../../local_tools.py
      hash: md5
      md5: 481bd686db5c040ad0a21664e8dad3f1
      size: 41095
      isexec: true
    - path: _
      hash: md5
      md5: c8eb7e2d3b4d8830d8fc702a72256e9d.dir
      size: 196963
      nfiles: 12
    outs:
    - path: var/interview_date.parquet
      hash: md5
      md5: 5ab6a3683e726c28319a6ca5335072c4
      size: 1349
  materialize@malawi::::subjective_well_being:
    cmd: cd _ && LSMS_USE_DVC_CACHE=false python3 -m lsms_library.cli 
      materialize --country "Malawi" --all-waves --table "subjective_well_being"
      --format "parquet" --out ../var/subjective_well_being.parquet
    deps:
    - path: ../../cli.py
      hash: md5
      md5: 69304b146cc0667cf417008799a06399
      size: 14255
    - path: ../../country.py
      hash: md5
      md5: 0c7abfc5990b5ba9e9e3207712ce9f97
      size: 53359
    - path: ../../local_tools.py
      hash: md5
      md5: 481bd686db5c040ad0a21664e8dad3f1
      size: 41095
      isexec: true
    - path: _
      hash: md5
      md5: 02072591fd982d02e9407658205874fd.dir
      size: 196896
      nfiles: 12
    outs:
    - path: var/subjective_well_being.parquet
      hash: md5
      md5: 2be69cfdb4833314c766338057e76395
      size: 334881
  materialize@malawi::::food_acquired:
    cmd: cd _ && LSMS_USE_DVC_CACHE=false python3 -m lsms_library.cli 
      materialize --country "Malawi" --all-waves --table "food_acquired" 
      --format "parquet" --out ../var/food_acquired.parquet
    deps:
    - path: ../../cli.py
      hash: md5
      md5: 69304b146cc0667cf417008799a06399
      size: 14255
    - path: ../../country.py
      hash: md5
      md5: fbf5458692e2a9c0f0a8dd864c9ad7e7
      size: 50811
    - path: ../../local_tools.py
      hash: md5
      md5: 481bd686db5c040ad0a21664e8dad3f1
      size: 41095
      isexec: true
    - path: _
      hash: md5
      md5: c8eb7e2d3b4d8830d8fc702a72256e9d.dir
      size: 196963
      nfiles: 12
    outs:
    - path: var/food_acquired.parquet
      hash: md5
      md5: f052cf3627a006fb848358a75d44471d
      size: 12392027
  materialize@malawi::::food_prices:
    cmd: cd _ && LSMS_USE_DVC_CACHE=false python3 -m lsms_library.cli 
      materialize --country "Malawi" --all-waves --table "food_prices" --format 
      "parquet" --out ../var/food_prices.parquet
    deps:
    - path: ../../cli.py
      hash: md5
      md5: 69304b146cc0667cf417008799a06399
      size: 14255
    - path: ../../country.py
      hash: md5
      md5: 0c7abfc5990b5ba9e9e3207712ce9f97
      size: 53359
    - path: ../../local_tools.py
      hash: md5
      md5: 481bd686db5c040ad0a21664e8dad3f1
      size: 41095
      isexec: true
    - path: _
      hash: md5
      md5: 02072591fd982d02e9407658205874fd.dir
      size: 196896
      nfiles: 12
    outs:
    - path: var/food_prices.parquet
      hash: md5
      md5: 2c4ff40b5d96230a1e2f9c20598eeda6
      size: 52370
  materialize@malawi::::cluster_features:
    cmd: cd _ && LSMS_USE_DVC_CACHE=false python3 -m lsms_library.cli 
      materialize --country "Malawi" --all-waves --table "cluster_features" 
      --format "parquet" --out ../var/cluster_features.parquet
    deps:
    - path: ../../cli.py
      hash: md5
      md5: 69304b146cc0667cf417008799a06399
      size: 14255
    - path: ../../country.py
      hash: md5
      md5: 0c7abfc5990b5ba9e9e3207712ce9f97
      size: 53359
    - path: ../../local_tools.py
      hash: md5
      md5: 481bd686db5c040ad0a21664e8dad3f1
      size: 41095
      isexec: true
    - path: _
      hash: md5
      md5: 02072591fd982d02e9407658205874fd.dir
      size: 196896
      nfiles: 12
    outs:
    - path: var/cluster_features.parquet
      hash: md5
      md5: 262a892ff04c88b133077467e3faa8f3
      size: 63719
  materialize@malawi::::household_characteristics:
    cmd: cd _ && LSMS_USE_DVC_CACHE=false python3 -m lsms_library.cli 
      materialize --country "Malawi" --all-waves --table 
      "household_characteristics" --format "parquet" --out 
      ../var/household_characteristics.parquet
    deps:
    - path: ../../cli.py
      hash: md5
      md5: 69304b146cc0667cf417008799a06399
      size: 14255
    - path: ../../country.py
      hash: md5
      md5: 0c7abfc5990b5ba9e9e3207712ce9f97
      size: 53359
    - path: ../../local_tools.py
      hash: md5
      md5: 481bd686db5c040ad0a21664e8dad3f1
      size: 41095
      isexec: true
    - path: _
      hash: md5
      md5: 02072591fd982d02e9407658205874fd.dir
      size: 196896
      nfiles: 12
    outs:
    - path: var/household_characteristics.parquet
      hash: md5
      md5: e29b4c36af963fd3d3d78df27fd13776
      size: 754041
  materialize@malawi::::other_features:
    cmd: cd _ && LSMS_USE_DVC_CACHE=false python3 -m lsms_library.cli 
      materialize --country "Malawi" --all-waves --table "other_features" 
      --format "parquet" --out ../var/other_features.parquet
    deps:
    - path: ../../cli.py
      hash: md5
      md5: 3e4731361034c2a43c96e4d0ff952fc1
      size: 19570
    - path: ../../country.py
      hash: md5
      md5: b207c494ddd78e8f6d71ee9f3e931b25
      size: 72989
    - path: ../../local_tools.py
      hash: md5
      md5: 5226e2d913308969c639b8b80554786f
      size: 41848
      isexec: true
    - path: _
      hash: md5
      md5: ef5669bc857676f34e15adb0b98138f2.dir
      size: 99523
      nfiles: 10
    outs:
    - path: var/other_features.parquet
      hash: md5
      md5: 427f83801071b71a346337b0f8972b5c
      size: 354717
