schema: '2.0'
stages:
  materialize@malawi::2013_14::cluster_features:
    cmd: cd _ && LSMS_USE_DVC_CACHE=false python3 -m lsms_library.cli 
      materialize --country "Malawi" --wave "2013-14" --table "cluster_features"
      --format "parquet" --out ../var/cluster_features.parquet
    deps:
    - path: ../../../cli.py
      hash: md5
      md5: 69304b146cc0667cf417008799a06399
      size: 14255
    - path: ../../../country.py
      hash: md5
      md5: 37f96a4ca9272bb65b0a627793165836
      size: 52208
    - path: ../../../local_tools.py
      hash: md5
      md5: 481bd686db5c040ad0a21664e8dad3f1
      size: 41095
      isexec: true
    - path: _
      hash: md5
      md5: 815d7af6276006e74c30b3a0b5e55852.dir
      size: 683874
      nfiles: 7
    outs:
    - path: var/cluster_features.parquet
      hash: md5
      md5: 2e48dbce22fba4325f78f5d5c282c8f1
      size: 30099
  materialize@malawi::2013_14::subjective_well_being:
    cmd: cd _ && LSMS_USE_DVC_CACHE=false python3 -m lsms_library.cli 
      materialize --country "Malawi" --wave "2013-14" --table 
      "subjective_well_being" --format "parquet" --out 
      ../var/subjective_well_being.parquet
    deps:
    - path: ../../../cli.py
      hash: md5
      md5: 69304b146cc0667cf417008799a06399
      size: 14255
    - path: ../../../country.py
      hash: md5
      md5: 37f96a4ca9272bb65b0a627793165836
      size: 52208
    - path: ../../../local_tools.py
      hash: md5
      md5: 481bd686db5c040ad0a21664e8dad3f1
      size: 41095
      isexec: true
    - path: _
      hash: md5
      md5: 97b569ff849eb5d6b14ad9fac58df649.dir
      size: 684217
      nfiles: 7
    outs:
    - path: var/subjective_well_being.parquet
      hash: md5
      md5: 5ab6a3683e726c28319a6ca5335072c4
      size: 1349
  materialize@malawi::2013_14::panel_ids:
    cmd: cd _ && LSMS_USE_DVC_CACHE=false python3 -m lsms_library.cli 
      materialize --country "Malawi" --wave "2013-14" --table "panel_ids" 
      --format "parquet" --out ../var/panel_ids.parquet
    deps:
    - path: ../../../cli.py
      hash: md5
      md5: 69304b146cc0667cf417008799a06399
      size: 14255
    - path: ../../../country.py
      hash: md5
      md5: 37f96a4ca9272bb65b0a627793165836
      size: 52208
    - path: ../../../local_tools.py
      hash: md5
      md5: 481bd686db5c040ad0a21664e8dad3f1
      size: 41095
      isexec: true
    - path: _
      hash: md5
      md5: 97b569ff849eb5d6b14ad9fac58df649.dir
      size: 684217
      nfiles: 7
    outs:
    - path: var/panel_ids.parquet
      hash: md5
      md5: dcf28d127a85c7fbc96201fc40ac6640
      size: 47072
  materialize@malawi::2013_14::interview_date:
    cmd: cd _ && LSMS_USE_DVC_CACHE=false python3 -m lsms_library.cli 
      materialize --country "Malawi" --wave "2013-14" --table "interview_date" 
      --format "parquet" --out ../var/interview_date.parquet
    deps:
    - path: ../../../cli.py
      hash: md5
      md5: 69304b146cc0667cf417008799a06399
      size: 14255
    - path: ../../../country.py
      hash: md5
      md5: 37f96a4ca9272bb65b0a627793165836
      size: 52208
    - path: ../../../local_tools.py
      hash: md5
      md5: 481bd686db5c040ad0a21664e8dad3f1
      size: 41095
      isexec: true
    - path: _
      hash: md5
      md5: 97b569ff849eb5d6b14ad9fac58df649.dir
      size: 684217
      nfiles: 7
    outs:
    - path: var/interview_date.parquet
      hash: md5
      md5: 5ab6a3683e726c28319a6ca5335072c4
      size: 1349
  materialize@malawi::2013_14::household_roster:
    cmd: cd _ && LSMS_USE_DVC_CACHE=false python3 -m lsms_library.cli 
      materialize --country "Malawi" --wave "2013-14" --table "household_roster"
      --format "parquet" --out ../var/household_roster.parquet
    deps:
    - path: ../../../cli.py
      hash: md5
      md5: 69304b146cc0667cf417008799a06399
      size: 14255
    - path: ../../../country.py
      hash: md5
      md5: 37f96a4ca9272bb65b0a627793165836
      size: 52208
    - path: ../../../local_tools.py
      hash: md5
      md5: 481bd686db5c040ad0a21664e8dad3f1
      size: 41095
      isexec: true
    - path: _
      hash: md5
      md5: 97b569ff849eb5d6b14ad9fac58df649.dir
      size: 684217
      nfiles: 7
    outs:
    - path: var/household_roster.parquet
      hash: md5
      md5: d2dd39e861c5c7240e0919a71f0d9eea
      size: 72905
  materialize@malawi::2013_14::food_acquired:
    cmd: cd _ && LSMS_USE_DVC_CACHE=false python3 -m lsms_library.cli 
      materialize --country "Malawi" --wave "2013-14" --table "food_acquired" 
      --format "parquet" --out ../var/food_acquired.parquet
    deps:
    - path: ../../../cli.py
      hash: md5
      md5: 69304b146cc0667cf417008799a06399
      size: 14255
    - path: ../../../country.py
      hash: md5
      md5: 37f96a4ca9272bb65b0a627793165836
      size: 52208
    - path: ../../../local_tools.py
      hash: md5
      md5: 481bd686db5c040ad0a21664e8dad3f1
      size: 41095
      isexec: true
    - path: _
      hash: md5
      md5: 97b569ff849eb5d6b14ad9fac58df649.dir
      size: 684217
      nfiles: 7
    outs:
    - path: var/food_acquired.parquet
      hash: md5
      md5: 655ca8e25bda910a6d9ebf2a784b8eac
      size: 589627
  materialize@malawi::2013_14::household_characteristics:
    cmd: cd _ && LSMS_USE_DVC_CACHE=false python3 -m lsms_library.cli 
      materialize --country "Malawi" --wave "2013-14" --table 
      "household_characteristics" --format "parquet" --out 
      ../var/household_characteristics.parquet
    deps:
    - path: ../../../cli.py
      hash: md5
      md5: 69304b146cc0667cf417008799a06399
      size: 14255
    - path: ../../../country.py
      hash: md5
      md5: 37f96a4ca9272bb65b0a627793165836
      size: 52208
    - path: ../../../local_tools.py
      hash: md5
      md5: 481bd686db5c040ad0a21664e8dad3f1
      size: 41095
      isexec: true
    - path: _
      hash: md5
      md5: 97b569ff849eb5d6b14ad9fac58df649.dir
      size: 684217
      nfiles: 7
    outs:
    - path: var/household_characteristics.parquet
      hash: md5
      md5: 206367fb0d179d3a6023fd9987caa987
      size: 62256
  materialize@malawi::2013_14::food_expenditures:
    cmd: cd _ && LSMS_USE_DVC_CACHE=false python3 -m lsms_library.cli 
      materialize --country "Malawi" --wave "2013-14" --table 
      "food_expenditures" --format "parquet" --out 
      ../var/food_expenditures.parquet
    deps:
    - path: ../../../cli.py
      hash: md5
      md5: 69304b146cc0667cf417008799a06399
      size: 14255
    - path: ../../../country.py
      hash: md5
      md5: 37f96a4ca9272bb65b0a627793165836
      size: 52208
    - path: ../../../local_tools.py
      hash: md5
      md5: 481bd686db5c040ad0a21664e8dad3f1
      size: 41095
      isexec: true
    - path: _
      hash: md5
      md5: 97b569ff849eb5d6b14ad9fac58df649.dir
      size: 684217
      nfiles: 7
    outs:
    - path: var/food_expenditures.parquet
      hash: md5
      md5: 5ab6a3683e726c28319a6ca5335072c4
      size: 1349
  materialize@malawi::2013_14::food_prices:
    cmd: cd _ && LSMS_USE_DVC_CACHE=false python3 -m lsms_library.cli 
      materialize --country "Malawi" --wave "2013-14" --table "food_prices" 
      --format "parquet" --out ../var/food_prices.parquet
    deps:
    - path: ../../../cli.py
      hash: md5
      md5: 69304b146cc0667cf417008799a06399
      size: 14255
    - path: ../../../country.py
      hash: md5
      md5: 37f96a4ca9272bb65b0a627793165836
      size: 52208
    - path: ../../../local_tools.py
      hash: md5
      md5: 481bd686db5c040ad0a21664e8dad3f1
      size: 41095
      isexec: true
    - path: _
      hash: md5
      md5: 97b569ff849eb5d6b14ad9fac58df649.dir
      size: 684217
      nfiles: 7
    outs:
    - path: var/food_prices.parquet
      hash: md5
      md5: 5ab6a3683e726c28319a6ca5335072c4
      size: 1349
