schema: '2.0'
stages:
  materialize@kazakhstan::1996::household_roster:
    cmd: cd _ && LSMS_USE_DVC_CACHE=false python3 -m lsms_library.cli 
      materialize --country "Kazakhstan" --wave "1996" --table 
      "household_roster" --format "parquet" --out 
      ../var/household_roster.parquet
    deps:
    - path: ../../../cli.py
      hash: md5
      md5: 69304b146cc0667cf417008799a06399
      size: 14255
    - path: ../../../country.py
      hash: md5
      md5: ebb0cbd7edb3c4a1e83de68337740318
      size: 61034
    - path: ../../../local_tools.py
      hash: md5
      md5: 64b7664a0daadf52128d0da52cb11056
      size: 41708
      isexec: true
    - path: _
      hash: md5
      md5: 9a7325f05979e033327037753f80e650.dir
      size: 899
      nfiles: 1
    outs:
    - path: var/household_roster.parquet
      hash: md5
      md5: cc61f0887932a7ed38e9f0e759a9a522
      size: 32558
