schema: '2.0'
stages:
  materialize@ghanalss::::cluster_features:
    cmd: cd _ && LSMS_USE_DVC_CACHE=false python3 -m lsms_library.cli 
      materialize --country "GhanaLSS" --all-waves --table "cluster_features" 
      --format "parquet" --out ../var/cluster_features.parquet
    deps:
    - path: ../../cli.py
      hash: md5
      md5: 3e4731361034c2a43c96e4d0ff952fc1
      size: 19570
    - path: ../../country.py
      hash: md5
      md5: b207c494ddd78e8f6d71ee9f3e931b25
      size: 72989
    - path: ../../local_tools.py
      hash: md5
      md5: 5226e2d913308969c639b8b80554786f
      size: 41848
      isexec: true
    - path: _
      hash: md5
      md5: 9930327f396cde79028cd205568769a2.dir
      size: 148672
      nfiles: 16
    outs:
    - path: var/cluster_features.parquet
      hash: md5
      md5: 914fd9d005d592127d8b4b047865a766
      size: 26024
  materialize@ghanalss::::household_roster:
    cmd: cd _ && LSMS_USE_DVC_CACHE=false python3 -m lsms_library.cli 
      materialize --country "GhanaLSS" --all-waves --table "household_roster" 
      --format "parquet" --out ../var/household_roster.parquet
    deps:
    - path: ../../cli.py
      hash: md5
      md5: 3e4731361034c2a43c96e4d0ff952fc1
      size: 19570
    - path: ../../country.py
      hash: md5
      md5: b207c494ddd78e8f6d71ee9f3e931b25
      size: 72989
    - path: ../../local_tools.py
      hash: md5
      md5: 5226e2d913308969c639b8b80554786f
      size: 41848
      isexec: true
    - path: _
      hash: md5
      md5: 9930327f396cde79028cd205568769a2.dir
      size: 148672
      nfiles: 16
    outs:
    - path: var/household_roster.parquet
      hash: md5
      md5: f05c3f997f7c070750ab682ced1fe80e
      size: 959388
