schema: '2.0'
stages:
  materialize@ghanalss::::cluster_features:
    cmd: cd _ && LSMS_BUILD_BACKEND=make python3 -m lsms_library.cli materialize
      --country "GhanaLSS" --all-waves --table "cluster_features" --format 
      "parquet" --out ../var/cluster_features.parquet
    deps:
    - path: ../../cli.py
      hash: md5
      md5: 049c779121577873dd8c8b42c242e4a2
      size: 19547
    - path: ../../country.py
      hash: md5
      md5: aa03f6cd67dd916cef19f14ff9461360
      size: 80894
    - path: ../../local_tools.py
      hash: md5
      md5: cc454cfa14a80ebc13adb975c1d76dc6
      size: 46845
      isexec: true
    - path: _
      hash: md5
      md5: 6b1b3c72b79f4cd153251188f5a3790e.dir
      size: 148615
      nfiles: 16
    outs:
    - path: var/cluster_features.parquet
      hash: md5
      md5: cc1d35299b990f0a0c73d48baa5c94d1
      size: 26026
  materialize@ghanalss::::household_roster:
    cmd: cd _ && LSMS_BUILD_BACKEND=make python3 -m lsms_library.cli materialize
      --country "GhanaLSS" --all-waves --table "household_roster" --format 
      "parquet" --out ../var/household_roster.parquet
    deps:
    - path: ../../cli.py
      hash: md5
      md5: 049c779121577873dd8c8b42c242e4a2
      size: 19547
    - path: ../../country.py
      hash: md5
      md5: aa03f6cd67dd916cef19f14ff9461360
      size: 80894
    - path: ../../local_tools.py
      hash: md5
      md5: cc454cfa14a80ebc13adb975c1d76dc6
      size: 46845
      isexec: true
    - path: _
      hash: md5
      md5: 6b1b3c72b79f4cd153251188f5a3790e.dir
      size: 148615
      nfiles: 16
    outs:
    - path: var/household_roster.parquet
      hash: md5
      md5: ab2448c3c35f7aca76ee32cf674e06cc
      size: 959462
