schema: '2.0'
stages:
  materialize@malawi_2019_20_household_roster:
    cmd: python3 -m lsms_library.cli materialize --country Malawi --wave 2019-20
      --table household_roster --format parquet --out 
      build/Malawi/2019-20/household_roster.parquet
    deps:
    - path: ../cli.py
      hash: md5
      md5: dd981c51bbfafe796e7fc8c6a0c523c9
      size: 7271
    - path: ../country.py
      hash: md5
      md5: 5e61d586a554a63399e4ad070100477a
      size: 34542
    - path: ../local_tools.py
      hash: md5
      md5: 725db3707ddb6af6d526c7ce6a43032b
      size: 40734
      isexec: true
    - path: Malawi/2019-20/_
      hash: md5
      md5: 514ea130092e9667e6703d015d908c25.dir
      size: 7724
      nfiles: 6
    - path: Malawi/_
      hash: md5
      md5: 60c1263a64a75703c78decfe77a2399e.dir
      size: 99534
      nfiles: 10
    outs:
    - path: build/Malawi/2019-20/household_roster.parquet
      hash: md5
      md5: 600d9465d2b0099572714a2dd1469367
      size: 268466
